
Microsoft Visual Studio Solution File, Format Version 12.00
Project("{FAE04EC0-301F-11D3-BF4B-00C04F79EFBC}") = "PipeServer", "PipeServer\PipeServer.csproj", "{BA6864DD-E25D-483A-9EE9-E2EBDE0B1624}"
EndProject
Project("{FAE04EC0-301F-11D3-BF4B-00C04F79EFBC}") = "PipedWorker", "PipedWorker\PipedWorker.csproj", "{C07DBD47-7D07-4F13-9EBC-271975D5196F}"
EndProject
Project("{FAE04EC0-301F-11D3-BF4B-00C04F79EFBC}") = "Core", "Core\Core.csproj", "{67811177-C003-4FB8-90CF-F08C13CD73D8}"
EndProject
Global
	GlobalSection(SolutionConfigurationPlatforms) = preSolution
		Debug|Any CPU = Debug|Any CPU
		Release|Any CPU = Release|Any CPU
	EndGlobalSection
	GlobalSection(ProjectConfigurationPlatforms) = postSolution
		{BA6864DD-E25D-483A-9EE9-E2EBDE0B1624}.Debug|Any CPU.ActiveCfg = Debug|Any CPU
		{BA6864DD-E25D-483A-9EE9-E2EBDE0B1624}.Debug|Any CPU.Build.0 = Debug|Any CPU
		{BA6864DD-E25D-483A-9EE9-E2EBDE0B1624}.Release|Any CPU.ActiveCfg = Release|Any CPU
		{BA6864DD-E25D-483A-9EE9-E2EBDE0B1624}.Release|Any CPU.Build.0 = Release|Any CPU
		{C07DBD47-7D07-4F13-9EBC-271975D5196F}.Debug|Any CPU.ActiveCfg = Debug|Any CPU
		{C07DBD47-7D07-4F13-9EBC-271975D5196F}.Debug|Any CPU.Build.0 = Debug|Any CPU
		{C07DBD47-7D07-4F13-9EBC-271975D5196F}.Release|Any CPU.ActiveCfg = Release|Any CPU
		{C07DBD47-7D07-4F13-9EBC-271975D5196F}.Release|Any CPU.Build.0 = Release|Any CPU
		{67811177-C003-4FB8-90CF-F08C13CD73D8}.Debug|Any CPU.ActiveCfg = Debug|Any CPU
		{67811177-C003-4FB8-90CF-F08C13CD73D8}.Debug|Any CPU.Build.0 = Debug|Any CPU
		{67811177-C003-4FB8-90CF-F08C13CD73D8}.Release|Any CPU.ActiveCfg = Release|Any CPU
		{67811177-C003-4FB8-90CF-F08C13CD73D8}.Release|Any CPU.Build.0 = Release|Any CPU
	EndGlobalSection
EndGlobal
